
Microsoft Visual Studio Solution File, Format Version 12.00
# Visual Studio 14
VisualStudioVersion = 14.0.25420.1
MinimumVisualStudioVersion = 10.0.40219.1
Project("{2150E333-8FDC-42A3-9474-1A3956D46DE8}") = "AmazonFake", "AmazonFake", "{6CB31AE6-C90B-443D-B055-D7C6DCC75723}"
EndProject
Project("{FAE04EC0-301F-11D3-BF4B-00C04F79EFBC}") = "AmazonFake_SITE", "AmazonFake_SITE\AmazonFake_SITE.csproj", "{5B8EAF24-B137-4779-BF88-016EDED1C21A}"
EndProject
Global
	GlobalSection(SolutionConfigurationPlatforms) = preSolution
		Debug|Any CPU = Debug|Any CPU
		Release|Any CPU = Release|Any CPU
	EndGlobalSection
	GlobalSection(ProjectConfigurationPlatforms) = postSolution
		{5B8EAF24-B137-4779-BF88-016EDED1C21A}.Debug|Any CPU.ActiveCfg = Debug|Any CPU
		{5B8EAF24-B137-4779-BF88-016EDED1C21A}.Debug|Any CPU.Build.0 = Debug|Any CPU
		{5B8EAF24-B137-4779-BF88-016EDED1C21A}.Release|Any CPU.ActiveCfg = Release|Any CPU
		{5B8EAF24-B137-4779-BF88-016EDED1C21A}.Release|Any CPU.Build.0 = Release|Any CPU
	EndGlobalSection
	GlobalSection(SolutionProperties) = preSolution
		HideSolutionNode = FALSE
	EndGlobalSection
	GlobalSection(NestedProjects) = preSolution
		{5B8EAF24-B137-4779-BF88-016EDED1C21A} = {6CB31AE6-C90B-443D-B055-D7C6DCC75723}
	EndGlobalSection
EndGlobal
