
Microsoft Visual Studio Solution File, Format Version 12.00
# Visual Studio 14
VisualStudioVersion = 14.0.25420.1
MinimumVisualStudioVersion = 10.0.40219.1
Project("{2150E333-8FDC-42A3-9474-1A3956D46DE8}") = "WCF_DAL", "WCF_DAL", "{D0EF9367-9F1F-466A-9B0B-FBF6E47084EE}"
EndProject
Project("{2150E333-8FDC-42A3-9474-1A3956D46DE8}") = "WCF_BLL", "WCF_BLL", "{7DB8B38B-A6B0-4CAF-946F-40CB7DD127A4}"
EndProject
Project("{2150E333-8FDC-42A3-9474-1A3956D46DE8}") = "WCF_SVC", "WCF_SVC", "{41416881-5716-487C-ACA0-41A2BE32785C}"
EndProject
Project("{FAE04EC0-301F-11D3-BF4B-00C04F79EFBC}") = "BLL", "BLL\BLL.csproj", "{9CDFB308-8CEC-4257-832D-AB595EB0D98D}"
EndProject
Project("{FAE04EC0-301F-11D3-BF4B-00C04F79EFBC}") = "DAL", "DAL\DAL.csproj", "{89E7E07D-397E-44E6-A3EE-DE29F63399B6}"
EndProject
Project("{FAE04EC0-301F-11D3-BF4B-00C04F79EFBC}") = "SVC", "SVC\SVC.csproj", "{C226A731-F4F4-40D8-8EC6-5638F2AD4032}"
EndProject
Project("{FAE04EC0-301F-11D3-BF4B-00C04F79EFBC}") = "SVC_SITE", "SVC_SITE\SVC_SITE.csproj", "{3F7D50BC-E543-4B9F-9B38-F77660F56D87}"
EndProject
Global
	GlobalSection(SolutionConfigurationPlatforms) = preSolution
		Debug|Any CPU = Debug|Any CPU
		Release|Any CPU = Release|Any CPU
	EndGlobalSection
	GlobalSection(ProjectConfigurationPlatforms) = postSolution
		{9CDFB308-8CEC-4257-832D-AB595EB0D98D}.Debug|Any CPU.ActiveCfg = Debug|Any CPU
		{9CDFB308-8CEC-4257-832D-AB595EB0D98D}.Debug|Any CPU.Build.0 = Debug|Any CPU
		{9CDFB308-8CEC-4257-832D-AB595EB0D98D}.Release|Any CPU.ActiveCfg = Release|Any CPU
		{9CDFB308-8CEC-4257-832D-AB595EB0D98D}.Release|Any CPU.Build.0 = Release|Any CPU
		{89E7E07D-397E-44E6-A3EE-DE29F63399B6}.Debug|Any CPU.ActiveCfg = Debug|Any CPU
		{89E7E07D-397E-44E6-A3EE-DE29F63399B6}.Debug|Any CPU.Build.0 = Debug|Any CPU
		{89E7E07D-397E-44E6-A3EE-DE29F63399B6}.Release|Any CPU.ActiveCfg = Release|Any CPU
		{89E7E07D-397E-44E6-A3EE-DE29F63399B6}.Release|Any CPU.Build.0 = Release|Any CPU
		{C226A731-F4F4-40D8-8EC6-5638F2AD4032}.Debug|Any CPU.ActiveCfg = Debug|Any CPU
		{C226A731-F4F4-40D8-8EC6-5638F2AD4032}.Debug|Any CPU.Build.0 = Debug|Any CPU
		{C226A731-F4F4-40D8-8EC6-5638F2AD4032}.Release|Any CPU.ActiveCfg = Release|Any CPU
		{C226A731-F4F4-40D8-8EC6-5638F2AD4032}.Release|Any CPU.Build.0 = Release|Any CPU
		{3F7D50BC-E543-4B9F-9B38-F77660F56D87}.Debug|Any CPU.ActiveCfg = Debug|Any CPU
		{3F7D50BC-E543-4B9F-9B38-F77660F56D87}.Debug|Any CPU.Build.0 = Debug|Any CPU
		{3F7D50BC-E543-4B9F-9B38-F77660F56D87}.Release|Any CPU.ActiveCfg = Release|Any CPU
		{3F7D50BC-E543-4B9F-9B38-F77660F56D87}.Release|Any CPU.Build.0 = Release|Any CPU
	EndGlobalSection
	GlobalSection(SolutionProperties) = preSolution
		HideSolutionNode = FALSE
	EndGlobalSection
	GlobalSection(NestedProjects) = preSolution
		{9CDFB308-8CEC-4257-832D-AB595EB0D98D} = {7DB8B38B-A6B0-4CAF-946F-40CB7DD127A4}
		{89E7E07D-397E-44E6-A3EE-DE29F63399B6} = {D0EF9367-9F1F-466A-9B0B-FBF6E47084EE}
		{C226A731-F4F4-40D8-8EC6-5638F2AD4032} = {41416881-5716-487C-ACA0-41A2BE32785C}
		{3F7D50BC-E543-4B9F-9B38-F77660F56D87} = {41416881-5716-487C-ACA0-41A2BE32785C}
	EndGlobalSection
EndGlobal
